
Microsoft Visual Studio Solution File, Format Version 12.00
# Visual Studio Version 17
VisualStudioVersion = 17.14.36310.24 d17.14
MinimumVisualStudioVersion = 10.0.40219.1
Project("{FAE04EC0-301F-11D3-BF4B-00C04F79EFBC}") = "Activity 1 Survey Age Validator", "Activity 1 Survey Age Validator.csproj", "{B35F4BEF-8A35-48E6-8362-A0535759295B}"
EndProject
Global
	GlobalSection(SolutionConfigurationPlatforms) = preSolution
		Debug|Any CPU = Debug|Any CPU
		Release|Any CPU = Release|Any CPU
	EndGlobalSection
	GlobalSection(ProjectConfigurationPlatforms) = postSolution
		{B35F4BEF-8A35-48E6-8362-A0535759295B}.Debug|Any CPU.ActiveCfg = Debug|Any CPU
		{B35F4BEF-8A35-48E6-8362-A0535759295B}.Debug|Any CPU.Build.0 = Debug|Any CPU
		{B35F4BEF-8A35-48E6-8362-A0535759295B}.Release|Any CPU.ActiveCfg = Release|Any CPU
		{B35F4BEF-8A35-48E6-8362-A0535759295B}.Release|Any CPU.Build.0 = Release|Any CPU
	EndGlobalSection
	GlobalSection(SolutionProperties) = preSolution
		HideSolutionNode = FALSE
	EndGlobalSection
	GlobalSection(ExtensibilityGlobals) = postSolution
		SolutionGuid = {422618A2-8DBC-43BA-899D-94F2BA61BAE4}
	EndGlobalSection
EndGlobal
